
Microsoft Visual Studio Solution File, Format Version 12.00
# Visual Studio 2013
VisualStudioVersion = 12.0.31101.0
MinimumVisualStudioVersion = 10.0.40219.1
Project("{FAE04EC0-301F-11D3-BF4B-00C04F79EFBC}") = "CodeColorizer", "CodeColorizer\CodeColorizer.csproj", "{FABEB96D-50FE-4493-A3A8-39612B476D45}"
EndProject
Project("{FAE04EC0-301F-11D3-BF4B-00C04F79EFBC}") = "CodeColorizer.UnitTests", "CodeColorizer.UnitTests\CodeColorizer.UnitTests.csproj", "{0282A652-E8F7-443B-8E27-849E68A43CFE}"
EndProject
Global
	GlobalSection(SolutionConfigurationPlatforms) = preSolution
		Debug|Any CPU = Debug|Any CPU
		Release|Any CPU = Release|Any CPU
	EndGlobalSection
	GlobalSection(ProjectConfigurationPlatforms) = postSolution
		{FABEB96D-50FE-4493-A3A8-39612B476D45}.Debug|Any CPU.ActiveCfg = Debug|Any CPU
		{FABEB96D-50FE-4493-A3A8-39612B476D45}.Debug|Any CPU.Build.0 = Debug|Any CPU
		{FABEB96D-50FE-4493-A3A8-39612B476D45}.Release|Any CPU.ActiveCfg = Release|Any CPU
		{FABEB96D-50FE-4493-A3A8-39612B476D45}.Release|Any CPU.Build.0 = Release|Any CPU
		{0282A652-E8F7-443B-8E27-849E68A43CFE}.Debug|Any CPU.ActiveCfg = Debug|Any CPU
		{0282A652-E8F7-443B-8E27-849E68A43CFE}.Debug|Any CPU.Build.0 = Debug|Any CPU
		{0282A652-E8F7-443B-8E27-849E68A43CFE}.Release|Any CPU.ActiveCfg = Release|Any CPU
		{0282A652-E8F7-443B-8E27-849E68A43CFE}.Release|Any CPU.Build.0 = Release|Any CPU
	EndGlobalSection
	GlobalSection(SolutionProperties) = preSolution
		HideSolutionNode = FALSE
	EndGlobalSection
EndGlobal
